// !$*UTF8*$!
{
	archiveVersion = 1;
	classes = {
	};
	objectVersion = 50;
	objects = {

/* Begin PBXBuildFile section */
		30E73A612359BA3D00459377 /* AppDelegate.swift in Sources */ = {isa = PBXBuildFile; fileRef = 30E73A602359BA3D00459377 /* AppDelegate.swift */; };
		30E73A632359BA3D00459377 /* SceneDelegate.swift in Sources */ = {isa = PBXBuildFile; fileRef = 30E73A622359BA3D00459377 /* SceneDelegate.swift */; };
		30E73A682359BA3D00459377 /* Main.storyboard in Resources */ = {isa = PBXBuildFile; fileRef = 30E73A662359BA3D00459377 /* Main.storyboard */; };
		30E73A6A2359BA3E00459377 /* Assets.xcassets in Resources */ = {isa = PBXBuildFile; fileRef = 30E73A692359BA3E00459377 /* Assets.xcassets */; };
		30E73A6D2359BA3E00459377 /* LaunchScreen.storyboard in Resources */ = {isa = PBXBuildFile; fileRef = 30E73A6B2359BA3E00459377 /* LaunchScreen.storyboard */; };
		30E73A782359BA3E00459377 /* Test10Tests.swift in Sources */ = {isa = PBXBuildFile; fileRef = 30E73A772359BA3E00459377 /* Test10Tests.swift */; };
		30E73A832359BA3F00459377 /* Test10UITests.swift in Sources */ = {isa = PBXBuildFile; fileRef = 30E73A822359BA3F00459377 /* Test10UITests.swift */; };
		BCD94E7B1D038EF90F75314F /* Pods_Test10UITests.framework in Frameworks */ = {isa = PBXBuildFile; fileRef = 4491C573B763DE321DF4D75F /* Pods_Test10UITests.framework */; };
		D1FE06A3C8C5AADCDF7C6FA0 /* Pods_Test10Tests.framework in Frameworks */ = {isa = PBXBuildFile; fileRef = 350DDDC1C78B5714D905C0D5 /* Pods_Test10Tests.framework */; };
		ECD7150A8A1CE477C247BA2D /* Pods_Test10.framework in Frameworks */ = {isa = PBXBuildFile; fileRef = 1BCEBAB2A999117CF1B9640B /* Pods_Test10.framework */; };
/* End PBXBuildFile section */

/* Begin PBXContainerItemProxy section */
		30E73A742359BA3E00459377 /* PBXContainerItemProxy */ = {
			isa = PBXContainerItemProxy;
			containerPortal = 30E73A552359BA3D00459377 /* Project object */;
			proxyType = 1;
			remoteGlobalIDString = 30E73A5C2359BA3D00459377;
			remoteInfo = Test10;
		};
		30E73A7F2359BA3F00459377 /* PBXContainerItemProxy */ = {
			isa = PBXContainerItemProxy;
			containerPortal = 30E73A552359BA3D00459377 /* Project object */;
			proxyType = 1;
			remoteGlobalIDString = 30E73A5C2359BA3D00459377;
			remoteInfo = Test10;
		};
/* End PBXContainerItemProxy section */

/* Begin PBXFileReference section */
		023252CED3DFB84958FBDE66 /* Pods-Test10Tests.release.xcconfig */ = {isa = PBXFileReference; includeInIndex = 1; lastKnownFileType = text.xcconfig; name = "Pods-Test10Tests.release.xcconfig"; path = "Target Support Files/Pods-Test10Tests/Pods-Test10Tests.release.xcconfig"; sourceTree = "<group>"; };
		1BCEBAB2A999117CF1B9640B /* Pods_Test10.framework */ = {isa = PBXFileReference; explicitFileType = wrapper.framework; includeInIndex = 0; path = Pods_Test10.framework; sourceTree = BUILT_PRODUCTS_DIR; };
		30E73A5D2359BA3D00459377 /* Test10.app */ = {isa = PBXFileReference; explicitFileType = wrapper.application; includeInIndex = 0; path = Test10.app; sourceTree = BUILT_PRODUCTS_DIR; };
		30E73A602359BA3D00459377 /* AppDelegate.swift */ = {isa = PBXFileReference; lastKnownFileType = sourcecode.swift; path = AppDelegate.swift; sourceTree = "<group>"; };
		30E73A622359BA3D00459377 /* SceneDelegate.swift */ = {isa = PBXFileReference; lastKnownFileType = sourcecode.swift; path = SceneDelegate.swift; sourceTree = "<group>"; };
		30E73A672359BA3D00459377 /* Base */ = {isa = PBXFileReference; lastKnownFileType = file.storyboard; name = Base; path = Base.lproj/Main.storyboard; sourceTree = "<group>"; };
		30E73A692359BA3E00459377 /* Assets.xcassets */ = {isa = PBXFileReference; lastKnownFileType = folder.assetcatalog; path = Assets.xcassets; sourceTree = "<group>"; };
		30E73A6C2359BA3E00459377 /* Base */ = {isa = PBXFileReference; lastKnownFileType = file.storyboard; name = Base; path = Base.lproj/LaunchScreen.storyboard; sourceTree = "<group>"; };
		30E73A6E2359BA3E00459377 /* Info.plist */ = {isa = PBXFileReference; lastKnownFileType = text.plist.xml; path = Info.plist; sourceTree = "<group>"; };
		30E73A732359BA3E00459377 /* Test10Tests.xctest */ = {isa = PBXFileReference; explicitFileType = wrapper.cfbundle; includeInIndex = 0; path = Test10Tests.xctest; sourceTree = BUILT_PRODUCTS_DIR; };
		30E73A772359BA3E00459377 /* Test10Tests.swift */ = {isa = PBXFileReference; lastKnownFileType = sourcecode.swift; path = Test10Tests.swift; sourceTree = "<group>"; };
		30E73A792359BA3E00459377 /* Info.plist */ = {isa = PBXFileReference; lastKnownFileType = text.plist.xml; path = Info.plist; sourceTree = "<group>"; };
		30E73A7E2359BA3F00459377 /* Test10UITests.xctest */ = {isa = PBXFileReference; explicitFileType = wrapper.cfbundle; includeInIndex = 0; path = Test10UITests.xctest; sourceTree = BUILT_PRODUCTS_DIR; };
		30E73A822359BA3F00459377 /* Test10UITests.swift */ = {isa = PBXFileReference; lastKnownFileType = sourcecode.swift; path = Test10UITests.swift; sourceTree = "<group>"; };
		30E73A842359BA3F00459377 /* Info.plist */ = {isa = PBXFileReference; lastKnownFileType = text.plist.xml; path = Info.plist; sourceTree = "<group>"; };
		350DDDC1C78B5714D905C0D5 /* Pods_Test10Tests.framework */ = {isa = PBXFileReference; explicitFileType = wrapper.framework; includeInIndex = 0; path = Pods_Test10Tests.framework; sourceTree = BUILT_PRODUCTS_DIR; };
		393F7C38C96971A70D3D685A /* Pods-Test10UITests.release.xcconfig */ = {isa = PBXFileReference; includeInIndex = 1; lastKnownFileType = text.xcconfig; name = "Pods-Test10UITests.release.xcconfig"; path = "Target Support Files/Pods-Test10UITests/Pods-Test10UITests.release.xcconfig"; sourceTree = "<group>"; };
		4491C573B763DE321DF4D75F /* Pods_Test10UITests.framework */ = {isa = PBXFileReference; explicitFileType = wrapper.framework; includeInIndex = 0; path = Pods_Test10UITests.framework; sourceTree = BUILT_PRODUCTS_DIR; };
		45ED816C71A90C5BA2E67C47 /* Pods-Test10Tests.debug.xcconfig */ = {isa = PBXFileReference; includeInIndex = 1; lastKnownFileType = text.xcconfig; name = "Pods-Test10Tests.debug.xcconfig"; path = "Target Support Files/Pods-Test10Tests/Pods-Test10Tests.debug.xcconfig"; sourceTree = "<group>"; };
		47ECD64B9511D6C1AB62E85C /* Pods-Test10.release.xcconfig */ = {isa = PBXFileReference; includeInIndex = 1; lastKnownFileType = text.xcconfig; name = "Pods-Test10.release.xcconfig"; path = "Target Support Files/Pods-Test10/Pods-Test10.release.xcconfig"; sourceTree = "<group>"; };
		7CA69F8B6DE90BFA768F510F /* Pods-Test10.debug.xcconfig */ = {isa = PBXFileReference; includeInIndex = 1; lastKnownFileType = text.xcconfig; name = "Pods-Test10.debug.xcconfig"; path = "Target Support Files/Pods-Test10/Pods-Test10.debug.xcconfig"; sourceTree = "<group>"; };
		BCC0429D804586283653BC91 /* Pods-Test10UITests.debug.xcconfig */ = {isa = PBXFileReference; includeInIndex = 1; lastKnownFileType = text.xcconfig; name = "Pods-Test10UITests.debug.xcconfig"; path = "Target Support Files/Pods-Test10UITests/Pods-Test10UITests.debug.xcconfig"; sourceTree = "<group>"; };
/* End PBXFileReference section */

/* Begin PBXFrameworksBuildPhase section */
		30E73A5A2359BA3D00459377 /* Frameworks */ = {
			isa = PBXFrameworksBuildPhase;
			buildActionMask = 2147483647;
			files = (
				ECD7150A8A1CE477C247BA2D /* Pods_Test10.framework in Frameworks */,
			);
			runOnlyForDeploymentPostprocessing = 0;
		};
		30E73A702359BA3E00459377 /* Frameworks */ = {
			isa = PBXFrameworksBuildPhase;
			buildActionMask = 2147483647;
			files = (
				D1FE06A3C8C5AADCDF7C6FA0 /* Pods_Test10Tests.framework in Frameworks */,
			);
			runOnlyForDeploymentPostprocessing = 0;
		};
		30E73A7B2359BA3F00459377 /* Frameworks */ = {
			isa = PBXFrameworksBuildPhase;
			buildActionMask = 2147483647;
			files = (
				BCD94E7B1D038EF90F75314F /* Pods_Test10UITests.framework in Frameworks */,
			);
			runOnlyForDeploymentPostprocessing = 0;
		};
/* End PBXFrameworksBuildPhase section */

/* Begin PBXGroup section */
		30E73A542359BA3D00459377 = {
			isa = PBXGroup;
			children = (
				30E73A5F2359BA3D00459377 /* Test10 */,
				30E73A762359BA3E00459377 /* Test10Tests */,
				30E73A812359BA3F00459377 /* Test10UITests */,
				30E73A5E2359BA3D00459377 /* Products */,
				50DB1F397D73CE00C9ECB332 /* Pods */,
				7004C7C6C81FDF78464DF2CB /* Frameworks */,
			);
			sourceTree = "<group>";
		};
		30E73A5E2359BA3D00459377 /* Products */ = {
			isa = PBXGroup;
			children = (
				30E73A5D2359BA3D00459377 /* Test10.app */,
				30E73A732359BA3E00459377 /* Test10Tests.xctest */,
				30E73A7E2359BA3F00459377 /* Test10UITests.xctest */,
			);
			name = Products;
			sourceTree = "<group>";
		};
		30E73A5F2359BA3D00459377 /* Test10 */ = {
			isa = PBXGroup;
			children = (
				30E73A602359BA3D00459377 /* AppDelegate.swift */,
				30E73A622359BA3D00459377 /* SceneDelegate.swift */,
				30E73A662359BA3D00459377 /* Main.storyboard */,
				30E73A692359BA3E00459377 /* Assets.xcassets */,
				30E73A6B2359BA3E00459377 /* LaunchScreen.storyboard */,
				30E73A6E2359BA3E00459377 /* Info.plist */,
			);
			path = Test10;
			sourceTree = "<group>";
		};
		30E73A762359BA3E00459377 /* Test10Tests */ = {
			isa = PBXGroup;
			children = (
				30E73A772359BA3E00459377 /* Test10Tests.swift */,
				30E73A792359BA3E00459377 /* Info.plist */,
			);
			path = Test10Tests;
			sourceTree = "<group>";
		};
		30E73A812359BA3F00459377 /* Test10UITests */ = {
			isa = PBXGroup;
			children = (
				30E73A822359BA3F00459377 /* Test10UITests.swift */,
				30E73A842359BA3F00459377 /* Info.plist */,
			);
			path = Test10UITests;
			sourceTree = "<group>";
		};
		50DB1F397D73CE00C9ECB332 /* Pods */ = {
			isa = PBXGroup;
			children = (
				7CA69F8B6DE90BFA768F510F /* Pods-Test10.debug.xcconfig */,
				47ECD64B9511D6C1AB62E85C /* Pods-Test10.release.xcconfig */,
				45ED816C71A90C5BA2E67C47 /* Pods-Test10Tests.debug.xcconfig */,
				023252CED3DFB84958FBDE66 /* Pods-Test10Tests.release.xcconfig */,
				BCC0429D804586283653BC91 /* Pods-Test10UITests.debug.xcconfig */,
				393F7C38C96971A70D3D685A /* Pods-Test10UITests.release.xcconfig */,
			);
			name = Pods;
			path = Pods;
			sourceTree = "<group>";
		};
		7004C7C6C81FDF78464DF2CB /* Frameworks */ = {
			isa = PBXGroup;
			children = (
				1BCEBAB2A999117CF1B9640B /* Pods_Test10.framework */,
				350DDDC1C78B5714D905C0D5 /* Pods_Test10Tests.framework */,
				4491C573B763DE321DF4D75F /* Pods_Test10UITests.framework */,
			);
			name = Frameworks;
			sourceTree = "<group>";
		};
/* End PBXGroup section */

/* Begin PBXNativeTarget section */
		30E73A5C2359BA3D00459377 /* Test10 */ = {
			isa = PBXNativeTarget;
			buildConfigurationList = 30E73A872359BA3F00459377 /* Build configuration list for PBXNativeTarget "Test10" */;
			buildPhases = (
				C4AA852150160E0A524377F5 /* [CP] Check Pods Manifest.lock */,
				30E73A592359BA3D00459377 /* Sources */,
				30E73A5A2359BA3D00459377 /* Frameworks */,
				30E73A5B2359BA3D00459377 /* Resources */,
				DDA79246BA7096DAB8A3BA26 /* [CP] Embed Pods Frameworks */,
			);
			buildRules = (
			);
			dependencies = (
			);
			name = Test10;
			productName = Test10;
			productReference = 30E73A5D2359BA3D00459377 /* Test10.app */;
			productType = "com.apple.product-type.application";
		};
		30E73A722359BA3E00459377 /* Test10Tests */ = {
			isa = PBXNativeTarget;
			buildConfigurationList = 30E73A8A2359BA3F00459377 /* Build configuration list for PBXNativeTarget "Test10Tests" */;
			buildPhases = (
				A62A70020F2448EE36497A34 /* [CP] Check Pods Manifest.lock */,
				30E73A6F2359BA3E00459377 /* Sources */,
				30E73A702359BA3E00459377 /* Frameworks */,
				30E73A712359BA3E00459377 /* Resources */,
			);
			buildRules = (
			);
			dependencies = (
				30E73A752359BA3E00459377 /* PBXTargetDependency */,
			);
			name = Test10Tests;
			productName = Test10Tests;
			productReference = 30E73A732359BA3E00459377 /* Test10Tests.xctest */;
			productType = "com.apple.product-type.bundle.unit-test";
		};
		30E73A7D2359BA3F00459377 /* Test10UITests */ = {
			isa = PBXNativeTarget;
			buildConfigurationList = 30E73A8D2359BA3F00459377 /* Build configuration list for PBXNativeTarget "Test10UITests" */;
			buildPhases = (
				1AF1C090C4A6D80B7BEB9CC6 /* [CP] Check Pods Manifest.lock */,
				30E73A7A2359BA3F00459377 /* Sources */,
				30E73A7B2359BA3F00459377 /* Frameworks */,
				30E73A7C2359BA3F00459377 /* Resources */,
			);
			buildRules = (
			);
			dependencies = (
				30E73A802359BA3F00459377 /* PBXTargetDependency */,
			);
			name = Test10UITests;
			productName = Test10UITests;
			productReference = 30E73A7E2359BA3F00459377 /* Test10UITests.xctest */;
			productType = "com.apple.product-type.bundle.ui-testing";
		};
/* End PBXNativeTarget section */

/* Begin PBXProject section */
		30E73A552359BA3D00459377 /* Project object */ = {
			isa = PBXProject;
			attributes = {
				LastSwiftUpdateCheck = 1110;
				LastUpgradeCheck = 1110;
				ORGANIZATIONNAME = "宮崎真";
				TargetAttributes = {
					30E73A5C2359BA3D00459377 = {
						CreatedOnToolsVersion = 11.1;
					};
					30E73A722359BA3E00459377 = {
						CreatedOnToolsVersion = 11.1;
						TestTargetID = 30E73A5C2359BA3D00459377;
					};
					30E73A7D2359BA3F00459377 = {
						CreatedOnToolsVersion = 11.1;
						TestTargetID = 30E73A5C2359BA3D00459377;
					};
				};
			};
			buildConfigurationList = 30E73A582359BA3D00459377 /* Build configuration list for PBXProject "Test10" */;
			compatibilityVersion = "Xcode 9.3";
			developmentRegion = en;
			hasScannedForEncodings = 0;
			knownRegions = (
				en,
				Base,
			);
			mainGroup = 30E73A542359BA3D00459377;
			productRefGroup = 30E73A5E2359BA3D00459377 /* Products */;
			projectDirPath = "";
			projectRoot = "";
			targets = (
				30E73A5C2359BA3D00459377 /* Test10 */,
				30E73A722359BA3E00459377 /* Test10Tests */,
				30E73A7D2359BA3F00459377 /* Test10UITests */,
			);
		};
/* End PBXProject section */

/* Begin PBXResourcesBuildPhase section */
		30E73A5B2359BA3D00459377 /* Resources */ = {
			isa = PBXResourcesBuildPhase;
			buildActionMask = 2147483647;
			files = (
				30E73A6D2359BA3E00459377 /* LaunchScreen.storyboard in Resources */,
				30E73A6A2359BA3E00459377 /* Assets.xcassets in Resources */,
				30E73A682359BA3D00459377 /* Main.storyboard in Resources */,
			);
			runOnlyForDeploymentPostprocessing = 0;
		};
		30E73A712359BA3E00459377 /* Resources */ = {
			isa = PBXResourcesBuildPhase;
			buildActionMask = 2147483647;
			files = (
			);
			runOnlyForDeploymentPostprocessing = 0;
		};
		30E73A7C2359BA3F00459377 /* Resources */ = {
			isa = PBXResourcesBuildPhase;
			buildActionMask = 2147483647;
			files = (
			);
			runOnlyForDeploymentPostprocessing = 0;
		};
/* End PBXResourcesBuildPhase section */

/* Begin PBXShellScriptBuildPhase section */
		1AF1C090C4A6D80B7BEB9CC6 /* [CP] Check Pods Manifest.lock */ = {
			isa = PBXShellScriptBuildPhase;
			buildActionMask = 2147483647;
			files = (
			);
			inputFileListPaths = (
			);
			inputPaths = (
				"${PODS_PODFILE_DIR_PATH}/Podfile.lock",
				"${PODS_ROOT}/Manifest.lock",
			);
			name = "[CP] Check Pods Manifest.lock";
			outputFileListPaths = (
			);
			outputPaths = (
				"$(DERIVED_FILE_DIR)/Pods-Test10UITests-checkManifestLockResult.txt",
			);
			runOnlyForDeploymentPostprocessing = 0;
			shellPath = /bin/sh;
			shellScript = "diff \"${PODS_PODFILE_DIR_PATH}/Podfile.lock\" \"${PODS_ROOT}/Manifest.lock\" > /dev/null\nif [ $? != 0 ] ; then\n    # print error to STDERR\n    echo \"error: The sandbox is not in sync with the Podfile.lock. Run 'pod install' or update your CocoaPods installation.\" >&2\n    exit 1\nfi\n# This output is used by Xcode 'outputs' to avoid re-running this script phase.\necho \"SUCCESS\" > \"${SCRIPT_OUTPUT_FILE_0}\"\n";
			showEnvVarsInLog = 0;
		};
		A62A70020F2448EE36497A34 /* [CP] Check Pods Manifest.lock */ = {
			isa = PBXShellScriptBuildPhase;
			buildActionMask = 2147483647;
			files = (
			);
			inputFileListPaths = (
			);
			inputPaths = (
				"${PODS_PODFILE_DIR_PATH}/Podfile.lock",
				"${PODS_ROOT}/Manifest.lock",
			);
			name = "[CP] Check Pods Manifest.lock";
			outputFileListPaths = (
			);
			outputPaths = (
				"$(DERIVED_FILE_DIR)/Pods-Test10Tests-checkManifestLockResult.txt",
			);
			runOnlyForDeploymentPostprocessing = 0;
			shellPath = /bin/sh;
			shellScript = "diff \"${PODS_PODFILE_DIR_PATH}/Podfile.lock\" \"${PODS_ROOT}/Manifest.lock\" > /dev/null\nif [ $? != 0 ] ; then\n    # print error to STDERR\n    echo \"error: The sandbox is not in sync with the Podfile.lock. Run 'pod install' or update your CocoaPods installation.\" >&2\n    exit 1\nfi\n# This output is used by Xcode 'outputs' to avoid re-running this script phase.\necho \"SUCCESS\" > \"${SCRIPT_OUTPUT_FILE_0}\"\n";
			showEnvVarsInLog = 0;
		};
		C4AA852150160E0A524377F5 /* [CP] Check Pods Manifest.lock */ = {
			isa = PBXShellScriptBuildPhase;
			buildActionMask = 2147483647;
			files = (
			);
			inputFileListPaths = (
			);
			inputPaths = (
				"${PODS_PODFILE_DIR_PATH}/Podfile.lock",
				"${PODS_ROOT}/Manifest.lock",
			);
			name = "[CP] Check Pods Manifest.lock";
			outputFileListPaths = (
			);
			outputPaths = (
				"$(DERIVED_FILE_DIR)/Pods-Test10-checkManifestLockResult.txt",
			);
			runOnlyForDeploymentPostprocessing = 0;
			shellPath = /bin/sh;
			shellScript = "diff \"${PODS_PODFILE_DIR_PATH}/Podfile.lock\" \"${PODS_ROOT}/Manifest.lock\" > /dev/null\nif [ $? != 0 ] ; then\n    # print error to STDERR\n    echo \"error: The sandbox is not in sync with the Podfile.lock. Run 'pod install' or update your CocoaPods installation.\" >&2\n    exit 1\nfi\n# This output is used by Xcode 'outputs' to avoid re-running this script phase.\necho \"SUCCESS\" > \"${SCRIPT_OUTPUT_FILE_0}\"\n";
			showEnvVarsInLog = 0;
		};
		DDA79246BA7096DAB8A3BA26 /* [CP] Embed Pods Frameworks */ = {
			isa = PBXShellScriptBuildPhase;
			buildActionMask = 2147483647;
			files = (
			);
			inputFileListPaths = (
				"${PODS_ROOT}/Target Support Files/Pods-Test10/Pods-Test10-frameworks-${CONFIGURATION}-input-files.xcfilelist",
			);
			name = "[CP] Embed Pods Frameworks";
			outputFileListPaths = (
				"${PODS_ROOT}/Target Support Files/Pods-Test10/Pods-Test10-frameworks-${CONFIGURATION}-output-files.xcfilelist",
			);
			runOnlyForDeploymentPostprocessing = 0;
			shellPath = /bin/sh;
			shellScript = "\"${PODS_ROOT}/Target Support Files/Pods-Test10/Pods-Test10-frameworks.sh\"\n";
			showEnvVarsInLog = 0;
		};
/* End PBXShellScriptBuildPhase section */

/* Begin PBXSourcesBuildPhase section */
		30E73A592359BA3D00459377 /* Sources */ = {
			isa = PBXSourcesBuildPhase;
			buildActionMask = 2147483647;
			files = (
				30E73A612359BA3D00459377 /* AppDelegate.swift in Sources */,
				30E73A632359BA3D00459377 /* SceneDelegate.swift in Sources */,
			);
			runOnlyForDeploymentPostprocessing = 0;
		};
		30E73A6F2359BA3E00459377 /* Sources */ = {
			isa = PBXSourcesBuildPhase;
			buildActionMask = 2147483647;
			files = (
				30E73A782359BA3E00459377 /* Test10Tests.swift in Sources */,
			);
			runOnlyForDeploymentPostprocessing = 0;
		};
		30E73A7A2359BA3F00459377 /* Sources */ = {
			isa = PBXSourcesBuildPhase;
			buildActionMask = 2147483647;
			files = (
				30E73A832359BA3F00459377 /* Test10UITests.swift in Sources */,
			);
			runOnlyForDeploymentPostprocessing = 0;
		};
/* End PBXSourcesBuildPhase section */

/* Begin PBXTargetDependency section */
		30E73A752359BA3E00459377 /* PBXTargetDependency */ = {
			isa = PBXTargetDependency;
			target = 30E73A5C2359BA3D00459377 /* Test10 */;
			targetProxy = 30E73A742359BA3E00459377 /* PBXContainerItemProxy */;
		};
		30E73A802359BA3F00459377 /* PBXTargetDependency */ = {
			isa = PBXTargetDependency;
			target = 30E73A5C2359BA3D00459377 /* Test10 */;
			targetProxy = 30E73A7F2359BA3F00459377 /* PBXContainerItemProxy */;
		};
/* End PBXTargetDependency section */

/* Begin PBXVariantGroup section */
		30E73A662359BA3D00459377 /* Main.storyboard */ = {
			isa = PBXVariantGroup;
			children = (
				30E73A672359BA3D00459377 /* Base */,
			);
			name = Main.storyboard;
			sourceTree = "<group>";
		};
		30E73A6B2359BA3E00459377 /* LaunchScreen.storyboard */ = {
			isa = PBXVariantGroup;
			children = (
				30E73A6C2359BA3E00459377 /* Base */,
			);
			name = LaunchScreen.storyboard;
			sourceTree = "<group>";
		};
/* End PBXVariantGroup section */

/* Begin XCBuildConfiguration section */
		30E73A852359BA3F00459377 /* Debug */ = {
			isa = XCBuildConfiguration;
			buildSettings = {
				ALWAYS_SEARCH_USER_PATHS = NO;
				CLANG_ANALYZER_NONNULL = YES;
				CLANG_ANALYZER_NUMBER_OBJECT_CONVERSION = YES_AGGRESSIVE;
				CLANG_CXX_LANGUAGE_STANDARD = "gnu++14";
				CLANG_CXX_LIBRARY = "libc++";
				CLANG_ENABLE_MODULES = YES;
				CLANG_ENABLE_OBJC_ARC = YES;
				CLANG_ENABLE_OBJC_WEAK = YES;
				CLANG_WARN_BLOCK_CAPTURE_AUTORELEASING = YES;
				CLANG_WARN_BOOL_CONVERSION = YES;
				CLANG_WARN_COMMA = YES;
				CLANG_WARN_CONSTANT_CONVERSION = YES;
				CLANG_WARN_DEPRECATED_OBJC_IMPLEMENTATIONS = YES;
				CLANG_WARN_DIRECT_OBJC_ISA_USAGE = YES_ERROR;
				CLANG_WARN_DOCUMENTATION_COMMENTS = YES;
				CLANG_WARN_EMPTY_BODY = YES;
				CLANG_WARN_ENUM_CONVERSION = YES;
				CLANG_WARN_INFINITE_RECURSION = YES;
				CLANG_WARN_INT_CONVERSION = YES;
				CLANG_WARN_NON_LITERAL_NULL_CONVERSION = YES;
				CLANG_WARN_OBJC_IMPLICIT_RETAIN_SELF = YES;
				CLANG_WARN_OBJC_LITERAL_CONVERSION = YES;
				CLANG_WARN_OBJC_ROOT_CLASS = YES_ERROR;
				CLANG_WARN_RANGE_LOOP_ANALYSIS = YES;
				CLANG_WARN_STRICT_PROTOTYPES = YES;
				CLANG_WARN_SUSPICIOUS_MOVE = YES;
				CLANG_WARN_UNGUARDED_AVAILABILITY = YES_AGGRESSIVE;
				CLANG_WARN_UNREACHABLE_CODE = YES;
				CLANG_WARN__DUPLICATE_METHOD_MATCH = YES;
				COPY_PHASE_STRIP = NO;
				DEBUG_INFORMATION_FORMAT = dwarf;
				ENABLE_STRICT_OBJC_MSGSEND = YES;
				ENABLE_TESTABILITY = YES;
				GCC_C_LANGUAGE_STANDARD = gnu11;
				GCC_DYNAMIC_NO_PIC = NO;
				GCC_NO_COMMON_BLOCKS = YES;
				GCC_OPTIMIZATION_LEVEL = 0;
				GCC_PREPROCESSOR_DEFINITIONS = (
					"DEBUG=1",
					"$(inherited)",
				);
				GCC_WARN_64_TO_32_BIT_CONVERSION = YES;
				GCC_WARN_ABOUT_RETURN_TYPE = YES_ERROR;
				GCC_WARN_UNDECLARED_SELECTOR = YES;
				GCC_WARN_UNINITIALIZED_AUTOS = YES_AGGRESSIVE;
				GCC_WARN_UNUSED_FUNCTION = YES;
				GCC_WARN_UNUSED_VARIABLE = YES;
				IPHONEOS_DEPLOYMENT_TARGET = 13.1;
				MTL_ENABLE_DEBUG_INFO = INCLUDE_SOURCE;
				MTL_FAST_MATH = YES;
				ONLY_ACTIVE_ARCH = YES;
				SDKROOT = iphoneos;
				SWIFT_ACTIVE_COMPILATION_CONDITIONS = DEBUG;
				SWIFT_OPTIMIZATION_LEVEL = "-Onone";
			};
			name = Debug;
		};
		30E73A862359BA3F00459377 /* Release */ = {
			isa = XCBuildConfiguration;
			buildSettings = {
				ALWAYS_SEARCH_USER_PATHS = NO;
				CLANG_ANALYZER_NONNULL = YES;
				CLANG_ANALYZER_NUMBER_OBJECT_CONVERSION = YES_AGGRESSIVE;
				CLANG_CXX_LANGUAGE_STANDARD = "gnu++14";
				CLANG_CXX_LIBRARY = "libc++";
				CLANG_ENABLE_MODULES = YES;
				CLANG_ENABLE_OBJC_ARC = YES;
				CLANG_ENABLE_OBJC_WEAK = YES;
				CLANG_WARN_BLOCK_CAPTURE_AUTORELEASING = YES;
				CLANG_WARN_BOOL_CONVERSION = YES;
				CLANG_WARN_COMMA = YES;
				CLANG_WARN_CONSTANT_CONVERSION = YES;
				CLANG_WARN_DEPRECATED_OBJC_IMPLEMENTATIONS = YES;
				CLANG_WARN_DIRECT_OBJC_ISA_USAGE = YES_ERROR;
				CLANG_WARN_DOCUMENTATION_COMMENTS = YES;
				CLANG_WARN_EMPTY_BODY = YES;
				CLANG_WARN_ENUM_CONVERSION = YES;
				CLANG_WARN_INFINITE_RECURSION = YES;
				CLANG_WARN_INT_CONVERSION = YES;
				CLANG_WARN_NON_LITERAL_NULL_CONVERSION = YES;
				CLANG_WARN_OBJC_IMPLICIT_RETAIN_SELF = YES;
				CLANG_WARN_OBJC_LITERAL_CONVERSION = YES;
				CLANG_WARN_OBJC_ROOT_CLASS = YES_ERROR;
				CLANG_WARN_RANGE_LOOP_ANALYSIS = YES;
				CLANG_WARN_STRICT_PROTOTYPES = YES;
				CLANG_WARN_SUSPICIOUS_MOVE = YES;
				CLANG_WARN_UNGUARDED_AVAILABILITY = YES_AGGRESSIVE;
				CLANG_WARN_UNREACHABLE_CODE = YES;
				CLANG_WARN__DUPLICATE_METHOD_MATCH = YES;
				COPY_PHASE_STRIP = NO;
				DEBUG_INFORMATION_FORMAT = "dwarf-with-dsym";
				ENABLE_NS_ASSERTIONS = NO;
				ENABLE_STRICT_OBJC_MSGSEND = YES;
				GCC_C_LANGUAGE_STANDARD = gnu11;
				GCC_NO_COMMON_BLOCKS = YES;
				GCC_WARN_64_TO_32_BIT_CONVERSION = YES;
				GCC_WARN_ABOUT_RETURN_TYPE = YES_ERROR;
				GCC_WARN_UNDECLARED_SELECTOR = YES;
				GCC_WARN_UNINITIALIZED_AUTOS = YES_AGGRESSIVE;
				GCC_WARN_UNUSED_FUNCTION = YES;
				GCC_WARN_UNUSED_VARIABLE = YES;
				IPHONEOS_DEPLOYMENT_TARGET = 13.1;
				MTL_ENABLE_DEBUG_INFO = NO;
				MTL_FAST_MATH = YES;
				SDKROOT = iphoneos;
				SWIFT_COMPILATION_MODE = wholemodule;
				SWIFT_OPTIMIZATION_LEVEL = "-O";
				VALIDATE_PRODUCT = YES;
			};
			name = Release;
		};
		30E73A882359BA3F00459377 /* Debug */ = {
			isa = XCBuildConfiguration;
			baseConfigurationReference = 7CA69F8B6DE90BFA768F510F /* Pods-Test10.debug.xcconfig */;
			buildSettings = {
				ASSETCATALOG_COMPILER_APPICON_NAME = AppIcon;
				CODE_SIGN_STYLE = Automatic;
				DEVELOPMENT_TEAM = 34FY747UQ7;
				INFOPLIST_FILE = Test10/Info.plist;
				LD_RUNPATH_SEARCH_PATHS = (
					"$(inherited)",
					"@executable_path/Frameworks",
				);
				PRODUCT_BUNDLE_IDENTIFIER = com.example.someone.Test10;
				PRODUCT_NAME = "$(TARGET_NAME)";
				SWIFT_VERSION = 5.0;
				TARGETED_DEVICE_FAMILY = "1,2";
			};
			name = Debug;
		};
		30E73A892359BA3F00459377 /* Release */ = {
			isa = XCBuildConfiguration;
			baseConfigurationReference = 47ECD64B9511D6C1AB62E85C /* Pods-Test10.release.xcconfig */;
			buildSettings = {
				ASSETCATALOG_COMPILER_APPICON_NAME = AppIcon;
				CODE_SIGN_STYLE = Automatic;
				DEVELOPMENT_TEAM = 34FY747UQ7;
				INFOPLIST_FILE = Test10/Info.plist;
				LD_RUNPATH_SEARCH_PATHS = (
					"$(inherited)",
					"@executable_path/Frameworks",
				);
				PRODUCT_BUNDLE_IDENTIFIER = com.example.someone.Test10;
				PRODUCT_NAME = "$(TARGET_NAME)";
				SWIFT_VERSION = 5.0;
				TARGETED_DEVICE_FAMILY = "1,2";
			};
			name = Release;
		};
		30E73A8B2359BA3F00459377 /* Debug */ = {
			isa = XCBuildConfiguration;
			baseConfigurationReference = 45ED816C71A90C5BA2E67C47 /* Pods-Test10Tests.debug.xcconfig */;
			buildSettings = {
				ALWAYS_EMBED_SWIFT_STANDARD_LIBRARIES = YES;
				BUNDLE_LOADER = "$(TEST_HOST)";
				CODE_SIGN_STYLE = Automatic;
				DEVELOPMENT_TEAM = 34FY747UQ7;
				INFOPLIST_FILE = Test10Tests/Info.plist;
				IPHONEOS_DEPLOYMENT_TARGET = 13.1;
				LD_RUNPATH_SEARCH_PATHS = (
					"$(inherited)",
					"@executable_path/Frameworks",
					"@loader_path/Frameworks",
				);
				PRODUCT_BUNDLE_IDENTIFIER = com.example.someone.Test10Tests;
				PRODUCT_NAME = "$(TARGET_NAME)";
				SWIFT_VERSION = 5.0;
				TARGETED_DEVICE_FAMILY = "1,2";
				TEST_HOST = "$(BUILT_PRODUCTS_DIR)/Test10.app/Test10";
			};
			name = Debug;
		};
		30E73A8C2359BA3F00459377 /* Release */ = {
			isa = XCBuildConfiguration;
			baseConfigurationReference = 023252CED3DFB84958FBDE66 /* Pods-Test10Tests.release.xcconfig */;
			buildSettings = {
				ALWAYS_EMBED_SWIFT_STANDARD_LIBRARIES = YES;
				BUNDLE_LOADER = "$(TEST_HOST)";
				CODE_SIGN_STYLE = Automatic;
				DEVELOPMENT_TEAM = 34FY747UQ7;
				INFOPLIST_FILE = Test10Tests/Info.plist;
				IPHONEOS_DEPLOYMENT_TARGET = 13.1;
				LD_RUNPATH_SEARCH_PATHS = (
					"$(inherited)",
					"@executable_path/Frameworks",
					"@loader_path/Frameworks",
				);
				PRODUCT_BUNDLE_IDENTIFIER = com.example.someone.Test10Tests;
				PRODUCT_NAME = "$(TARGET_NAME)";
				SWIFT_VERSION = 5.0;
				TARGETED_DEVICE_FAMILY = "1,2";
				TEST_HOST = "$(BUILT_PRODUCTS_DIR)/Test10.app/Test10";
			};
			name = Release;
		};
		30E73A8E2359BA3F00459377 /* Debug */ = {
			isa = XCBuildConfiguration;
			baseConfigurationReference = BCC0429D804586283653BC91 /* Pods-Test10UITests.debug.xcconfig */;
			buildSettings = {
				ALWAYS_EMBED_SWIFT_STANDARD_LIBRARIES = YES;
				CODE_SIGN_STYLE = Automatic;
				DEVELOPMENT_TEAM = 34FY747UQ7;
				INFOPLIST_FILE = Test10UITests/Info.plist;
				LD_RUNPATH_SEARCH_PATHS = (
					"$(inherited)",
					"@executable_path/Frameworks",
					"@loader_path/Frameworks",
				);
				PRODUCT_BUNDLE_IDENTIFIER = com.example.someone.Test10UITests;
				PRODUCT_NAME = "$(TARGET_NAME)";
				SWIFT_VERSION = 5.0;
				TARGETED_DEVICE_FAMILY = "1,2";
				TEST_TARGET_NAME = Test10;
			};
			name = Debug;
		};
		30E73A8F2359BA3F00459377 /* Release */ = {
			isa = XCBuildConfiguration;
			baseConfigurationReference = 393F7C38C96971A70D3D685A /* Pods-Test10UITests.release.xcconfig */;
			buildSettings = {
				ALWAYS_EMBED_SWIFT_STANDARD_LIBRARIES = YES;
				CODE_SIGN_STYLE = Automatic;
				DEVELOPMENT_TEAM = 34FY747UQ7;
				INFOPLIST_FILE = Test10UITests/Info.plist;
				LD_RUNPATH_SEARCH_PATHS = (
					"$(inherited)",
					"@executable_path/Frameworks",
					"@loader_path/Frameworks",
				);
				PRODUCT_BUNDLE_IDENTIFIER = com.example.someone.Test10UITests;
				PRODUCT_NAME = "$(TARGET_NAME)";
				SWIFT_VERSION = 5.0;
				TARGETED_DEVICE_FAMILY = "1,2";
				TEST_TARGET_NAME = Test10;
			};
			name = Release;
		};
/* End XCBuildConfiguration section */

/* Begin XCConfigurationList section */
		30E73A582359BA3D00459377 /* Build configuration list for PBXProject "Test10" */ = {
			isa = XCConfigurationList;
			buildConfigurations = (
				30E73A852359BA3F00459377 /* Debug */,
				30E73A862359BA3F00459377 /* Release */,
			);
			defaultConfigurationIsVisible = 0;
			defaultConfigurationName = Release;
		};
		30E73A872359BA3F00459377 /* Build configuration list for PBXNativeTarget "Test10" */ = {
			isa = XCConfigurationList;
			buildConfigurations = (
				30E73A882359BA3F00459377 /* Debug */,
				30E73A892359BA3F00459377 /* Release */,
			);
			defaultConfigurationIsVisible = 0;
			defaultConfigurationName = Release;
		};
		30E73A8A2359BA3F00459377 /* Build configuration list for PBXNativeTarget "Test10Tests" */ = {
			isa = XCConfigurationList;
			buildConfigurations = (
				30E73A8B2359BA3F00459377 /* Debug */,
				30E73A8C2359BA3F00459377 /* Release */,
			);
			defaultConfigurationIsVisible = 0;
			defaultConfigurationName = Release;
		};
		30E73A8D2359BA3F00459377 /* Build configuration list for PBXNativeTarget "Test10UITests" */ = {
			isa = XCConfigurationList;
			buildConfigurations = (
				30E73A8E2359BA3F00459377 /* Debug */,
				30E73A8F2359BA3F00459377 /* Release */,
			);
			defaultConfigurationIsVisible = 0;
			defaultConfigurationName = Release;
		};
/* End XCConfigurationList section */
	};
	rootObject = 30E73A552359BA3D00459377 /* Project object */;
}
